
Microsoft Visual Studio Solution File, Format Version 12.00
# Visual Studio Version 16
VisualStudioVersion = 16.0.32602.291
MinimumVisualStudioVersion = 10.0.40219.1
Project("{8BC9CEB8-8B4A-11D0-8D11-00A0C91BC942}") = "Frame1", "Frame1\Frame1.vcxproj", "{FD0945DA-889B-40AC-90D4-C78C4E2A2A05}"
EndProject
Project("{8BC9CEB8-8B4A-11D0-8D11-00A0C91BC942}") = "Frame2", "Frame2\Frame2.vcxproj", "{AB94770B-C42B-4269-9F24-D2E99D0A1358}"
EndProject
Project("{8BC9CEB8-8B4A-11D0-8D11-00A0C91BC942}") = "Frame3", "Frame3\Frame3.vcxproj", "{F53F1320-44C1-4D4F-9AF5-CF426605B9D5}"
EndProject
Project("{8BC9CEB8-8B4A-11D0-8D11-00A0C91BC942}") = "Frame4", "Frame4\Frame4.vcxproj", "{9FF8705C-C8FC-4C0D-82E9-EBC6916005E2}"
EndProject
Project("{8BC9CEB8-8B4A-11D0-8D11-00A0C91BC942}") = "Frame5", "Frame5\Frame5.vcxproj", "{2045D5C9-ACB3-4EE2-AAE2-83DFC026B0EB}"
EndProject
Project("{8BC9CEB8-8B4A-11D0-8D11-00A0C91BC942}") = "Frame6", "Frame6\Frame6.vcxproj", "{6D45F416-D990-48CC-A778-D3D3F88006C1}"
EndProject
Project("{8BC9CEB8-8B4A-11D0-8D11-00A0C91BC942}") = "Hello", "Hello\Hello.vcxproj", "{82AA37B5-27FB-447C-95B0-6863AAE284ED}"
EndProject
Global
	GlobalSection(SolutionConfigurationPlatforms) = preSolution
		Debug|x64 = Debug|x64
		Debug|x86 = Debug|x86
		Release|x64 = Release|x64
		Release|x86 = Release|x86
	EndGlobalSection
	GlobalSection(ProjectConfigurationPlatforms) = postSolution
		{FD0945DA-889B-40AC-90D4-C78C4E2A2A05}.Debug|x64.ActiveCfg = Debug|x64
		{FD0945DA-889B-40AC-90D4-C78C4E2A2A05}.Debug|x64.Build.0 = Debug|x64
		{FD0945DA-889B-40AC-90D4-C78C4E2A2A05}.Debug|x86.ActiveCfg = Debug|Win32
		{FD0945DA-889B-40AC-90D4-C78C4E2A2A05}.Debug|x86.Build.0 = Debug|Win32
		{FD0945DA-889B-40AC-90D4-C78C4E2A2A05}.Release|x64.ActiveCfg = Release|x64
		{FD0945DA-889B-40AC-90D4-C78C4E2A2A05}.Release|x64.Build.0 = Release|x64
		{FD0945DA-889B-40AC-90D4-C78C4E2A2A05}.Release|x86.ActiveCfg = Release|Win32
		{FD0945DA-889B-40AC-90D4-C78C4E2A2A05}.Release|x86.Build.0 = Release|Win32
		{AB94770B-C42B-4269-9F24-D2E99D0A1358}.Debug|x64.ActiveCfg = Debug|x64
		{AB94770B-C42B-4269-9F24-D2E99D0A1358}.Debug|x64.Build.0 = Debug|x64
		{AB94770B-C42B-4269-9F24-D2E99D0A1358}.Debug|x86.ActiveCfg = Debug|Win32
		{AB94770B-C42B-4269-9F24-D2E99D0A1358}.Debug|x86.Build.0 = Debug|Win32
		{AB94770B-C42B-4269-9F24-D2E99D0A1358}.Release|x64.ActiveCfg = Release|x64
		{AB94770B-C42B-4269-9F24-D2E99D0A1358}.Release|x64.Build.0 = Release|x64
		{AB94770B-C42B-4269-9F24-D2E99D0A1358}.Release|x86.ActiveCfg = Release|Win32
		{AB94770B-C42B-4269-9F24-D2E99D0A1358}.Release|x86.Build.0 = Release|Win32
		{F53F1320-44C1-4D4F-9AF5-CF426605B9D5}.Debug|x64.ActiveCfg = Debug|x64
		{F53F1320-44C1-4D4F-9AF5-CF426605B9D5}.Debug|x64.Build.0 = Debug|x64
		{F53F1320-44C1-4D4F-9AF5-CF426605B9D5}.Debug|x86.ActiveCfg = Debug|Win32
		{F53F1320-44C1-4D4F-9AF5-CF426605B9D5}.Debug|x86.Build.0 = Debug|Win32
		{F53F1320-44C1-4D4F-9AF5-CF426605B9D5}.Release|x64.ActiveCfg = Release|x64
		{F53F1320-44C1-4D4F-9AF5-CF426605B9D5}.Release|x64.Build.0 = Release|x64
		{F53F1320-44C1-4D4F-9AF5-CF426605B9D5}.Release|x86.ActiveCfg = Release|Win32
		{F53F1320-44C1-4D4F-9AF5-CF426605B9D5}.Release|x86.Build.0 = Release|Win32
		{9FF8705C-C8FC-4C0D-82E9-EBC6916005E2}.Debug|x64.ActiveCfg = Debug|x64
		{9FF8705C-C8FC-4C0D-82E9-EBC6916005E2}.Debug|x64.Build.0 = Debug|x64
		{9FF8705C-C8FC-4C0D-82E9-EBC6916005E2}.Debug|x86.ActiveCfg = Debug|Win32
		{9FF8705C-C8FC-4C0D-82E9-EBC6916005E2}.Debug|x86.Build.0 = Debug|Win32
		{9FF8705C-C8FC-4C0D-82E9-EBC6916005E2}.Release|x64.ActiveCfg = Release|x64
		{9FF8705C-C8FC-4C0D-82E9-EBC6916005E2}.Release|x64.Build.0 = Release|x64
		{9FF8705C-C8FC-4C0D-82E9-EBC6916005E2}.Release|x86.ActiveCfg = Release|Win32
		{9FF8705C-C8FC-4C0D-82E9-EBC6916005E2}.Release|x86.Build.0 = Release|Win32
		{2045D5C9-ACB3-4EE2-AAE2-83DFC026B0EB}.Debug|x64.ActiveCfg = Debug|x64
		{2045D5C9-ACB3-4EE2-AAE2-83DFC026B0EB}.Debug|x64.Build.0 = Debug|x64
		{2045D5C9-ACB3-4EE2-AAE2-83DFC026B0EB}.Debug|x86.ActiveCfg = Debug|Win32
		{2045D5C9-ACB3-4EE2-AAE2-83DFC026B0EB}.Debug|x86.Build.0 = Debug|Win32
		{2045D5C9-ACB3-4EE2-AAE2-83DFC026B0EB}.Release|x64.ActiveCfg = Release|x64
		{2045D5C9-ACB3-4EE2-AAE2-83DFC026B0EB}.Release|x64.Build.0 = Release|x64
		{2045D5C9-ACB3-4EE2-AAE2-83DFC026B0EB}.Release|x86.ActiveCfg = Release|Win32
		{2045D5C9-ACB3-4EE2-AAE2-83DFC026B0EB}.Release|x86.Build.0 = Release|Win32
		{6D45F416-D990-48CC-A778-D3D3F88006C1}.Debug|x64.ActiveCfg = Debug|x64
		{6D45F416-D990-48CC-A778-D3D3F88006C1}.Debug|x64.Build.0 = Debug|x64
		{6D45F416-D990-48CC-A778-D3D3F88006C1}.Debug|x86.ActiveCfg = Debug|Win32
		{6D45F416-D990-48CC-A778-D3D3F88006C1}.Debug|x86.Build.0 = Debug|Win32
		{6D45F416-D990-48CC-A778-D3D3F88006C1}.Release|x64.ActiveCfg = Release|x64
		{6D45F416-D990-48CC-A778-D3D3F88006C1}.Release|x64.Build.0 = Release|x64
		{6D45F416-D990-48CC-A778-D3D3F88006C1}.Release|x86.ActiveCfg = Release|Win32
		{6D45F416-D990-48CC-A778-D3D3F88006C1}.Release|x86.Build.0 = Release|Win32
		{82AA37B5-27FB-447C-95B0-6863AAE284ED}.Debug|x64.ActiveCfg = Debug|x64
		{82AA37B5-27FB-447C-95B0-6863AAE284ED}.Debug|x64.Build.0 = Debug|x64
		{82AA37B5-27FB-447C-95B0-6863AAE284ED}.Debug|x86.ActiveCfg = Debug|Win32
		{82AA37B5-27FB-447C-95B0-6863AAE284ED}.Debug|x86.Build.0 = Debug|Win32
		{82AA37B5-27FB-447C-95B0-6863AAE284ED}.Release|x64.ActiveCfg = Release|x64
		{82AA37B5-27FB-447C-95B0-6863AAE284ED}.Release|x64.Build.0 = Release|x64
		{82AA37B5-27FB-447C-95B0-6863AAE284ED}.Release|x86.ActiveCfg = Release|Win32
		{82AA37B5-27FB-447C-95B0-6863AAE284ED}.Release|x86.Build.0 = Release|Win32
	EndGlobalSection
	GlobalSection(SolutionProperties) = preSolution
		HideSolutionNode = FALSE
	EndGlobalSection
	GlobalSection(ExtensibilityGlobals) = postSolution
		SolutionGuid = {80C62989-EAEF-4E4A-AA45-533BE6E7D792}
	EndGlobalSection
EndGlobal
